{
  "version": 4,
  "terraform_version": "0.14.6",
  "serial": 4,
  "lineage": "577c9cb0-0dcb-b7cb-9565-7ffc217a9c7d",
  "outputs": {},
  "resources": [
    {
      "mode": "data",
      "type": "aws_ami",
      "name": "app_ami",
      "provider": "provider[\"registry.terraform.io/hashicorp/aws\"]",
      "instances": [
        {
          "schema_version": 0,
          "attributes": {
            "architecture": "x86_64",
            "arn": "arn:aws:ec2:ap-south-1::image/ami-082dd28d3a421cefe",
            "block_device_mappings": [
              {
                "device_name": "/dev/sda1",
                "ebs": {
                  "delete_on_termination": "true",
                  "encrypted": "false",
                  "iops": "0",
                  "snapshot_id": "snap-00c3a0c92bcde009d",
                  "throughput": "0",
                  "volume_size": "10",
                  "volume_type": "gp2"
                },
                "no_device": "",
                "virtual_name": ""
              }
            ],
            "creation_date": "2021-02-26T23:06:13.000Z",
            "description": "Amazon Linux 2 with SQL Server 2017 Enterprise Edition AMI provided by Amazon",
            "executable_users": null,
            "filter": [
              {
                "name": "name",
                "values": [
                  "amzn2-ami-hvm*"
                ]
              }
            ],
            "hypervisor": "xen",
            "id": "ami-082dd28d3a421cefe",
            "image_id": "ami-082dd28d3a421cefe",
            "image_location": "amazon/amzn2-ami-hvm-2.0.20190313-x86_64-gp2-SQL_2017_Enterprise-2021.02.25",
            "image_owner_alias": "amazon",
            "image_type": "machine",
            "kernel_id": null,
            "most_recent": true,
            "name": "amzn2-ami-hvm-2.0.20190313-x86_64-gp2-SQL_2017_Enterprise-2021.02.25",
            "name_regex": null,
            "owner_id": "400060033280",
            "owners": [
              "amazon"
            ],
            "platform": null,
            "product_codes": [],
            "public": true,
            "ramdisk_id": null,
            "root_device_name": "/dev/sda1",
            "root_device_type": "ebs",
            "root_snapshot_id": "snap-00c3a0c92bcde009d",
            "sriov_net_support": "simple",
            "state": "available",
            "state_reason": {
              "code": "UNSET",
              "message": "UNSET"
            },
            "tags": {},
            "virtualization_type": "hvm"
          },
          "sensitive_attributes": []
        }
      ]
    },
    {
      "mode": "managed",
      "type": "aws_instance",
      "name": "myec2",
      "provider": "provider[\"registry.terraform.io/hashicorp/aws\"]",
      "instances": [
        {
          "schema_version": 1,
          "attributes": {
            "ami": "ami-04b1ddd35fd71475a",
            "arn": "arn:aws:ec2:ap-south-1:563297438969:instance/i-0da0f7cecaab06521",
            "associate_public_ip_address": true,
            "availability_zone": "ap-south-1a",
            "cpu_core_count": 1,
            "cpu_threads_per_core": 1,
            "credit_specification": [
              {
                "cpu_credits": "standard"
              }
            ],
            "disable_api_termination": false,
            "ebs_block_device": [],
            "ebs_optimized": false,
            "enclave_options": [
              {
                "enabled": false
              }
            ],
            "ephemeral_block_device": [],
            "get_password_data": false,
            "hibernation": false,
            "host_id": null,
            "iam_instance_profile": "",
            "id": "i-0da0f7cecaab06521",
            "instance_initiated_shutdown_behavior": null,
            "instance_state": "running",
            "instance_type": "t2.micro",
            "ipv6_address_count": 0,
            "ipv6_addresses": [],
            "key_name": "login-key",
            "metadata_options": [
              {
                "http_endpoint": "enabled",
                "http_put_response_hop_limit": 1,
                "http_tokens": "optional"
              }
            ],
            "monitoring": false,
            "network_interface": [],
            "outpost_arn": "",
            "password_data": "",
            "placement_group": "",
            "primary_network_interface_id": "eni-03c7f5f9e0ccf51dd",
            "private_dns": "ip-172-31-45-139.ap-south-1.compute.internal",
            "private_ip": "172.31.45.139",
            "public_dns": "ec2-3-6-92-158.ap-south-1.compute.amazonaws.com",
            "public_ip": "3.6.92.158",
            "root_block_device": [
              {
                "delete_on_termination": true,
                "device_name": "/dev/xvda",
                "encrypted": false,
                "iops": 100,
                "kms_key_id": "",
                "tags": {},
                "throughput": 0,
                "volume_id": "vol-0ed89f27b8a907237",
                "volume_size": 8,
                "volume_type": "gp2"
              }
            ],
            "secondary_private_ips": [],
            "security_groups": [
              "allow_all"
            ],
            "source_dest_check": true,
            "subnet_id": "subnet-002b3668",
            "tags": {
              "Name": "HelloWorld-KR"
            },
            "tenancy": "default",
            "timeouts": null,
            "user_data": null,
            "user_data_base64": null,
            "volume_tags": null,
            "vpc_security_group_ids": [
              "sg-09fa63f5990d995b5"
            ]
          },
          "sensitive_attributes": [],
          "private": "eyJlMmJmYjczMC1lY2FhLTExZTYtOGY4OC0zNDM2M2JjN2M0YzAiOnsiY3JlYXRlIjo2MDAwMDAwMDAwMDAsImRlbGV0ZSI6MTIwMDAwMDAwMDAwMCwidXBkYXRlIjo2MDAwMDAwMDAwMDB9LCJzY2hlbWFfdmVyc2lvbiI6IjEifQ==",
          "dependencies": [
            "aws_key_pair.loginkey",
            "aws_security_group.demo_sg"
          ]
        }
      ]
    },
    {
      "mode": "managed",
      "type": "aws_key_pair",
      "name": "loginkey",
      "provider": "provider[\"registry.terraform.io/hashicorp/aws\"]",
      "instances": [
        {
          "schema_version": 1,
          "attributes": {
            "arn": "arn:aws:ec2:ap-south-1:563297438969:key-pair/login-key",
            "fingerprint": "d5:64:e4:c7:5c:d8:82:3f:36:18:b2:8d:85:02:69:ce",
            "id": "login-key",
            "key_name": "login-key",
            "key_name_prefix": null,
            "key_pair_id": "key-08e70ac463f7e61cd",
            "public_key": "ssh-rsa AAAAB3NzaC1yc2EAAAADAQABAAABgQDpHsiEmUHoRAnds5RjvyrNVKl+/ZCcqa/OijutLePTiKvq0WuDvjMQzQCdiQhw0KPm8xg7O6SYvPQ/I05Alos95VQlJtXvPEyl4EkxtzutkNyQWF9cWTlv35BPRI92gSEuKtTwnKKcg4L9C5HBIohURPCt5ToM86RJ2upVgSmYnvLIhhXzB2MPc5qFc4BVvL9RtIzXda3RlFZD6SoEHw3ginA/IO2fiXRvImtVU7fJfFX/cmbzBdvDxiuKo0lDrDg7fURfm1SQ30EnKBP7OvfyyjEUhVrHB8VAdNSylMCjBLZo4hhC9gwstRajfklwKECsY8hAW3/5fKLmxT7T5TdTmXjxespSloLhf05f8geaTp7uQyt8WwRhX39Vtkma9mJ7qzbfXKFi//Q3LxPh6phZ8PSMAoN79nThJgYnjiVndskIooAjo5hqubuTYcwzcV1CWWgnugNrW5fxkAYzAs1+sCwkyNWjsThhTq6A7vEj/FQIS/bcd137op8eEwO/wB8= dkureel@DESKTOP-OGFFQRP",
            "tags": null
          },
          "sensitive_attributes": [],
          "private": "eyJzY2hlbWFfdmVyc2lvbiI6IjEifQ=="
        }
      ]
    },
    {
      "mode": "managed",
      "type": "aws_security_group",
      "name": "demo_sg",
      "provider": "provider[\"registry.terraform.io/hashicorp/aws\"]",
      "instances": [
        {
          "schema_version": 1,
          "attributes": {
            "arn": "arn:aws:ec2:ap-south-1:563297438969:security-group/sg-09fa63f5990d995b5",
            "description": "All traffic allowed",
            "egress": [
              {
                "cidr_blocks": [
                  "0.0.0.0/0"
                ],
                "description": "",
                "from_port": 0,
                "ipv6_cidr_blocks": [],
                "prefix_list_ids": [],
                "protocol": "-1",
                "security_groups": [],
                "self": false,
                "to_port": 0
              }
            ],
            "id": "sg-09fa63f5990d995b5",
            "ingress": [
              {
                "cidr_blocks": [
                  "0.0.0.0/0"
                ],
                "description": "",
                "from_port": 0,
                "ipv6_cidr_blocks": [],
                "prefix_list_ids": [],
                "protocol": "-1",
                "security_groups": [],
                "self": false,
                "to_port": 0
              }
            ],
            "name": "allow_all",
            "name_prefix": "",
            "owner_id": "563297438969",
            "revoke_rules_on_delete": false,
            "tags": {
              "Name": "allow_all"
            },
            "timeouts": null,
            "vpc_id": "vpc-470cf82c"
          },
          "sensitive_attributes": [],
          "private": "eyJlMmJmYjczMC1lY2FhLTExZTYtOGY4OC0zNDM2M2JjN2M0YzAiOnsiY3JlYXRlIjo2MDAwMDAwMDAwMDAsImRlbGV0ZSI6NjAwMDAwMDAwMDAwfSwic2NoZW1hX3ZlcnNpb24iOiIxIn0="
        }
      ]
    }
  ]
}
